{
  "name": "wordlehelper",
  "version": "1.0.0",
  "lockfileVersion": 2,
  "requires": true,
  "packages": {
    "": {
      "name": "wordlehelper",
      "version": "1.0.0",
      "license": "ISC",
      "dependencies": {
        "codemirror": "^5.65.1",
        "jstat": "^1.9.5"
      }
    },
    "node_modules/codemirror": {
      "version": "5.65.1",
      "resolved": "https://registry.npmjs.org/codemirror/-/codemirror-5.65.1.tgz",
      "integrity": "sha512-s6aac+DD+4O2u1aBmdxhB7yz2XU7tG3snOyQ05Kxifahz7hoxnfxIRHxiCSEv3TUC38dIVH8G+lZH9UWSfGQxA=="
    },
    "node_modules/jstat": {
      "version": "1.9.5",
      "resolved": "https://registry.npmjs.org/jstat/-/jstat-1.9.5.tgz",
      "integrity": "sha512-cWnp4vObF5GmB2XsIEzxI/1ZTcYlcfNqxQ/9Fp5KFUa0Jf/4tO0ZkGVnqoEHDisJvYgvn5n3eWZbd2xTVJJPUQ=="
    }
  },
  "dependencies": {
    "codemirror": {
      "version": "5.65.1",
      "resolved": "https://registry.npmjs.org/codemirror/-/codemirror-5.65.1.tgz",
      "integrity": "sha512-s6aac+DD+4O2u1aBmdxhB7yz2XU7tG3snOyQ05Kxifahz7hoxnfxIRHxiCSEv3TUC38dIVH8G+lZH9UWSfGQxA=="
    },
    "jstat": {
      "version": "1.9.5",
      "resolved": "https://registry.npmjs.org/jstat/-/jstat-1.9.5.tgz",
      "integrity": "sha512-cWnp4vObF5GmB2XsIEzxI/1ZTcYlcfNqxQ/9Fp5KFUa0Jf/4tO0ZkGVnqoEHDisJvYgvn5n3eWZbd2xTVJJPUQ=="
    }
  }
}
